PODS:
  - JSCategory/UIKit/UIDevice (0.3.0)
  - JSCategory/UIKit/UIScreen (0.3.0):
    - JSCategory/UIKit/UIDevice

DEPENDENCIES:
  - JSCategory/UIKit/UIScreen (from `../`)

EXTERNAL SOURCES:
  JSCategory:
    :path: "../"

SPEC CHECKSUMS:
  JSCategory: 72c500fc70ac5494e144f9766ea3f682f94a3fff

PODFILE CHECKSUM: 94f93aa52b95512dfd0f8f0c82431c7a60456daa

COCOAPODS: 1.5.3
